
Microsoft Visual Studio Solution File, Format Version 12.00
# Visual Studio 2012
Project("{8BC9CEB8-8B4A-11D0-8D11-00A0C91BC942}") = "FYP_v1", "FYP_v1\FYP_v1.vcxproj", "{72924B99-F3F8-4A02-A768-D46E3ECD6B74}"
EndProject
Global
	GlobalSection(SolutionConfigurationPlatforms) = preSolution
		Debug|Win32 = Debug|Win32
		Release|Win32 = Release|Win32
	EndGlobalSection
	GlobalSection(ProjectConfigurationPlatforms) = postSolution
		{72924B99-F3F8-4A02-A768-D46E3ECD6B74}.Debug|Win32.ActiveCfg = Debug|Win32
		{72924B99-F3F8-4A02-A768-D46E3ECD6B74}.Debug|Win32.Build.0 = Debug|Win32
		{72924B99-F3F8-4A02-A768-D46E3ECD6B74}.Release|Win32.ActiveCfg = Release|Win32
		{72924B99-F3F8-4A02-A768-D46E3ECD6B74}.Release|Win32.Build.0 = Release|Win32
	EndGlobalSection
	GlobalSection(SolutionProperties) = preSolution
		HideSolutionNode = FALSE
	EndGlobalSection
EndGlobal
