
Microsoft Visual Studio Solution File, Format Version 12.00
# Visual Studio 14
VisualStudioVersion = 14.0.25420.1
MinimumVisualStudioVersion = 10.0.40219.1
Project("{8BC9CEB8-8B4A-11D0-8D11-00A0C91BC942}") = "Architecture", "Architecture\Architecture.vcxproj", "{82DEBA31-315A-4ED0-85C9-67892A0D2429}"
	ProjectSection(ProjectDependencies) = postProject
		{F3067B0D-4F1E-457A-AE9C-AAB6CCD5C1A3} = {F3067B0D-4F1E-457A-AE9C-AAB6CCD5C1A3}
		{E7D39150-D44F-426D-B0E2-5ACFA19042DE} = {E7D39150-D44F-426D-B0E2-5ACFA19042DE}
		{72924B99-F3F8-4A02-A768-D46E3ECD6B74} = {72924B99-F3F8-4A02-A768-D46E3ECD6B74}
	EndProjectSection
EndProject
Project("{8BC9CEB8-8B4A-11D0-8D11-00A0C91BC942}") = "FYP_v1", "..\FYP_v1\FYP_v1\FYP_v1.vcxproj", "{72924B99-F3F8-4A02-A768-D46E3ECD6B74}"
EndProject
Project("{8BC9CEB8-8B4A-11D0-8D11-00A0C91BC942}") = "core", "..\orbitTools\core\core.vcxproj", "{F3067B0D-4F1E-457A-AE9C-AAB6CCD5C1A3}"
EndProject
Project("{8BC9CEB8-8B4A-11D0-8D11-00A0C91BC942}") = "orbit", "..\orbitTools\orbit\orbit.vcxproj", "{E7D39150-D44F-426D-B0E2-5ACFA19042DE}"
EndProject
Global
	GlobalSection(SolutionConfigurationPlatforms) = preSolution
		Debug|x64 = Debug|x64
		Debug|x86 = Debug|x86
		Release|x64 = Release|x64
		Release|x86 = Release|x86
	EndGlobalSection
	GlobalSection(ProjectConfigurationPlatforms) = postSolution
		{82DEBA31-315A-4ED0-85C9-67892A0D2429}.Debug|x64.ActiveCfg = Debug|x64
		{82DEBA31-315A-4ED0-85C9-67892A0D2429}.Debug|x64.Build.0 = Debug|x64
		{82DEBA31-315A-4ED0-85C9-67892A0D2429}.Debug|x86.ActiveCfg = Debug|Win32
		{82DEBA31-315A-4ED0-85C9-67892A0D2429}.Debug|x86.Build.0 = Debug|Win32
		{82DEBA31-315A-4ED0-85C9-67892A0D2429}.Release|x64.ActiveCfg = Release|x64
		{82DEBA31-315A-4ED0-85C9-67892A0D2429}.Release|x64.Build.0 = Release|x64
		{82DEBA31-315A-4ED0-85C9-67892A0D2429}.Release|x86.ActiveCfg = Release|Win32
		{82DEBA31-315A-4ED0-85C9-67892A0D2429}.Release|x86.Build.0 = Release|Win32
		{72924B99-F3F8-4A02-A768-D46E3ECD6B74}.Debug|x64.ActiveCfg = Debug|Win32
		{72924B99-F3F8-4A02-A768-D46E3ECD6B74}.Debug|x86.ActiveCfg = Debug|Win32
		{72924B99-F3F8-4A02-A768-D46E3ECD6B74}.Debug|x86.Build.0 = Debug|Win32
		{72924B99-F3F8-4A02-A768-D46E3ECD6B74}.Release|x64.ActiveCfg = Release|Win32
		{72924B99-F3F8-4A02-A768-D46E3ECD6B74}.Release|x86.ActiveCfg = Release|Win32
		{72924B99-F3F8-4A02-A768-D46E3ECD6B74}.Release|x86.Build.0 = Release|Win32
		{F3067B0D-4F1E-457A-AE9C-AAB6CCD5C1A3}.Debug|x64.ActiveCfg = Debug|x64
		{F3067B0D-4F1E-457A-AE9C-AAB6CCD5C1A3}.Debug|x64.Build.0 = Debug|x64
		{F3067B0D-4F1E-457A-AE9C-AAB6CCD5C1A3}.Debug|x86.ActiveCfg = Debug|Win32
		{F3067B0D-4F1E-457A-AE9C-AAB6CCD5C1A3}.Debug|x86.Build.0 = Debug|Win32
		{F3067B0D-4F1E-457A-AE9C-AAB6CCD5C1A3}.Release|x64.ActiveCfg = Release|x64
		{F3067B0D-4F1E-457A-AE9C-AAB6CCD5C1A3}.Release|x64.Build.0 = Release|x64
		{F3067B0D-4F1E-457A-AE9C-AAB6CCD5C1A3}.Release|x86.ActiveCfg = Release|Win32
		{F3067B0D-4F1E-457A-AE9C-AAB6CCD5C1A3}.Release|x86.Build.0 = Release|Win32
		{E7D39150-D44F-426D-B0E2-5ACFA19042DE}.Debug|x64.ActiveCfg = Debug|x64
		{E7D39150-D44F-426D-B0E2-5ACFA19042DE}.Debug|x64.Build.0 = Debug|x64
		{E7D39150-D44F-426D-B0E2-5ACFA19042DE}.Debug|x86.ActiveCfg = Debug|Win32
		{E7D39150-D44F-426D-B0E2-5ACFA19042DE}.Debug|x86.Build.0 = Debug|Win32
		{E7D39150-D44F-426D-B0E2-5ACFA19042DE}.Release|x64.ActiveCfg = Release|x64
		{E7D39150-D44F-426D-B0E2-5ACFA19042DE}.Release|x64.Build.0 = Release|x64
		{E7D39150-D44F-426D-B0E2-5ACFA19042DE}.Release|x86.ActiveCfg = Release|Win32
		{E7D39150-D44F-426D-B0E2-5ACFA19042DE}.Release|x86.Build.0 = Release|Win32
	EndGlobalSection
	GlobalSection(SolutionProperties) = preSolution
		HideSolutionNode = FALSE
	EndGlobalSection
EndGlobal
